
Microsoft Visual Studio Solution File, Format Version 12.00
# Visual Studio Version 16
VisualStudioVersion = 16.0.29025.244
MinimumVisualStudioVersion = 10.0.40219.1
Project("{FAE04EC0-301F-11D3-BF4B-00C04F79EFBC}") = "ag.kata.tdd.median", "ag.kata.tdd.median\ag.kata.tdd.median.csproj", "{3CF5B677-99C1-46E0-97B6-1B1ED169B252}"
EndProject
Project("{FAE04EC0-301F-11D3-BF4B-00C04F79EFBC}") = "ag.kata.tdd.median.tests", "ag.kata.tdd.median.tests\ag.kata.tdd.median.tests.csproj", "{6D7675E6-F553-4D04-8F61-60E1E46F6230}"
EndProject
Global
	GlobalSection(SolutionConfigurationPlatforms) = preSolution
		Debug|Any CPU = Debug|Any CPU
		Release|Any CPU = Release|Any CPU
	EndGlobalSection
	GlobalSection(ProjectConfigurationPlatforms) = postSolution
		{3CF5B677-99C1-46E0-97B6-1B1ED169B252}.Debug|Any CPU.ActiveCfg = Debug|Any CPU
		{3CF5B677-99C1-46E0-97B6-1B1ED169B252}.Debug|Any CPU.Build.0 = Debug|Any CPU
		{3CF5B677-99C1-46E0-97B6-1B1ED169B252}.Release|Any CPU.ActiveCfg = Release|Any CPU
		{3CF5B677-99C1-46E0-97B6-1B1ED169B252}.Release|Any CPU.Build.0 = Release|Any CPU
		{6D7675E6-F553-4D04-8F61-60E1E46F6230}.Debug|Any CPU.ActiveCfg = Debug|Any CPU
		{6D7675E6-F553-4D04-8F61-60E1E46F6230}.Debug|Any CPU.Build.0 = Debug|Any CPU
		{6D7675E6-F553-4D04-8F61-60E1E46F6230}.Release|Any CPU.ActiveCfg = Release|Any CPU
		{6D7675E6-F553-4D04-8F61-60E1E46F6230}.Release|Any CPU.Build.0 = Release|Any CPU
	EndGlobalSection
	GlobalSection(SolutionProperties) = preSolution
		HideSolutionNode = FALSE
	EndGlobalSection
	GlobalSection(ExtensibilityGlobals) = postSolution
		SolutionGuid = {A0B92D9C-ECD2-4969-AD8D-7D23B1C9B16F}
	EndGlobalSection
EndGlobal
